// !$*UTF8*$!
{
	archiveVersion = 1;
	classes = {
	};
	objectVersion = 46;
	objects = {

/* Begin PBXBuildFile section */
		00540F861EC267F7004C356E /* Constants.swift in Sources */ = {isa = PBXBuildFile; fileRef = 00540F851EC267F7004C356E /* Constants.swift */; };
		00540F881EC26A9F004C356E /* CurrentWeather.swift in Sources */ = {isa = PBXBuildFile; fileRef = 00540F871EC26A9F004C356E /* CurrentWeather.swift */; };
		00E5C5301EB9493500BEEC73 /* AppDelegate.swift in Sources */ = {isa = PBXBuildFile; fileRef = 00E5C52F1EB9493500BEEC73 /* AppDelegate.swift */; };
		00E5C5321EB9493500BEEC73 /* WeatherVC.swift in Sources */ = {isa = PBXBuildFile; fileRef = 00E5C5311EB9493500BEEC73 /* WeatherVC.swift */; };
		00E5C5351EB9493500BEEC73 /* Main.storyboard in Resources */ = {isa = PBXBuildFile; fileRef = 00E5C5331EB9493500BEEC73 /* Main.storyboard */; };
		00E5C5371EB9493500BEEC73 /* Assets.xcassets in Resources */ = {isa = PBXBuildFile; fileRef = 00E5C5361EB9493500BEEC73 /* Assets.xcassets */; };
		00E5C53A1EB9493500BEEC73 /* LaunchScreen.storyboard in Resources */ = {isa = PBXBuildFile; fileRef = 00E5C5381EB9493500BEEC73 /* LaunchScreen.storyboard */; };
		00E5C5451EB9493500BEEC73 /* RainyShinyCloudyTests.swift in Sources */ = {isa = PBXBuildFile; fileRef = 00E5C5441EB9493500BEEC73 /* RainyShinyCloudyTests.swift */; };
		00E5C5501EB9493500BEEC73 /* RainyShinyCloudyUITests.swift in Sources */ = {isa = PBXBuildFile; fileRef = 00E5C54F1EB9493500BEEC73 /* RainyShinyCloudyUITests.swift */; };
		34A741DFFE0C39694E105901 /* Pods_RainyShinyCloudy.framework in Frameworks */ = {isa = PBXBuildFile; fileRef = 145454D7D87946BC907E21EC /* Pods_RainyShinyCloudy.framework */; };
		D12ADCFCB6D5D8F47A6DA4B5 /* Pods_RainyShinyCloudyUITests.framework in Frameworks */ = {isa = PBXBuildFile; fileRef = 421AA51E8E3CB0FF9ED34E04 /* Pods_RainyShinyCloudyUITests.framework */; };
		D51D2C92E9F2946BDF02B16D /* Pods_RainyShinyCloudyTests.framework in Frameworks */ = {isa = PBXBuildFile; fileRef = 36AC07D522FF0DA565C7752C /* Pods_RainyShinyCloudyTests.framework */; };
/* End PBXBuildFile section */

/* Begin PBXContainerItemProxy section */
		00E5C5411EB9493500BEEC73 /* PBXContainerItemProxy */ = {
			isa = PBXContainerItemProxy;
			containerPortal = 00E5C5241EB9493500BEEC73 /* Project object */;
			proxyType = 1;
			remoteGlobalIDString = 00E5C52B1EB9493500BEEC73;
			remoteInfo = RainyShinyCloudy;
		};
		00E5C54C1EB9493500BEEC73 /* PBXContainerItemProxy */ = {
			isa = PBXContainerItemProxy;
			containerPortal = 00E5C5241EB9493500BEEC73 /* Project object */;
			proxyType = 1;
			remoteGlobalIDString = 00E5C52B1EB9493500BEEC73;
			remoteInfo = RainyShinyCloudy;
		};
/* End PBXContainerItemProxy section */

/* Begin PBXFileReference section */
		00540F851EC267F7004C356E /* Constants.swift */ = {isa = PBXFileReference; fileEncoding = 4; lastKnownFileType = sourcecode.swift; path = Constants.swift; sourceTree = "<group>"; };
		00540F871EC26A9F004C356E /* CurrentWeather.swift */ = {isa = PBXFileReference; fileEncoding = 4; lastKnownFileType = sourcecode.swift; path = CurrentWeather.swift; sourceTree = "<group>"; };
		00E5C52C1EB9493500BEEC73 /* RainyShinyCloudy.app */ = {isa = PBXFileReference; explicitFileType = wrapper.application; includeInIndex = 0; path = RainyShinyCloudy.app; sourceTree = BUILT_PRODUCTS_DIR; };
		00E5C52F1EB9493500BEEC73 /* AppDelegate.swift */ = {isa = PBXFileReference; lastKnownFileType = sourcecode.swift; path = AppDelegate.swift; sourceTree = "<group>"; };
		00E5C5311EB9493500BEEC73 /* WeatherVC.swift */ = {isa = PBXFileReference; lastKnownFileType = sourcecode.swift; path = WeatherVC.swift; sourceTree = "<group>"; };
		00E5C5341EB9493500BEEC73 /* Base */ = {isa = PBXFileReference; lastKnownFileType = file.storyboard; name = Base; path = Base.lproj/Main.storyboard; sourceTree = "<group>"; };
		00E5C5361EB9493500BEEC73 /* Assets.xcassets */ = {isa = PBXFileReference; lastKnownFileType = folder.assetcatalog; path = Assets.xcassets; sourceTree = "<group>"; };
		00E5C5391EB9493500BEEC73 /* Base */ = {isa = PBXFileReference; lastKnownFileType = file.storyboard; name = Base; path = Base.lproj/LaunchScreen.storyboard; sourceTree = "<group>"; };
		00E5C53B1EB9493500BEEC73 /* Info.plist */ = {isa = PBXFileReference; lastKnownFileType = text.plist.xml; path = Info.plist; sourceTree = "<group>"; };
		00E5C5401EB9493500BEEC73 /* RainyShinyCloudyTests.xctest */ = {isa = PBXFileReference; explicitFileType = wrapper.cfbundle; includeInIndex = 0; path = RainyShinyCloudyTests.xctest; sourceTree = BUILT_PRODUCTS_DIR; };
		00E5C5441EB9493500BEEC73 /* RainyShinyCloudyTests.swift */ = {isa = PBXFileReference; lastKnownFileType = sourcecode.swift; path = RainyShinyCloudyTests.swift; sourceTree = "<group>"; };
		00E5C5461EB9493500BEEC73 /* Info.plist */ = {isa = PBXFileReference; lastKnownFileType = text.plist.xml; path = Info.plist; sourceTree = "<group>"; };
		00E5C54B1EB9493500BEEC73 /* RainyShinyCloudyUITests.xctest */ = {isa = PBXFileReference; explicitFileType = wrapper.cfbundle; includeInIndex = 0; path = RainyShinyCloudyUITests.xctest; sourceTree = BUILT_PRODUCTS_DIR; };
		00E5C54F1EB9493500BEEC73 /* RainyShinyCloudyUITests.swift */ = {isa = PBXFileReference; lastKnownFileType = sourcecode.swift; path = RainyShinyCloudyUITests.swift; sourceTree = "<group>"; };
		00E5C5511EB9493500BEEC73 /* Info.plist */ = {isa = PBXFileReference; lastKnownFileType = text.plist.xml; path = Info.plist; sourceTree = "<group>"; };
		145454D7D87946BC907E21EC /* Pods_RainyShinyCloudy.framework */ = {isa = PBXFileReference; explicitFileType = wrapper.framework; includeInIndex = 0; path = Pods_RainyShinyCloudy.framework; sourceTree = BUILT_PRODUCTS_DIR; };
		2E14269720A340F9B2CC8BCF /* Pods-RainyShinyCloudyTests.debug.xcconfig */ = {isa = PBXFileReference; includeInIndex = 1; lastKnownFileType = text.xcconfig; name = "Pods-RainyShinyCloudyTests.debug.xcconfig"; path = "Pods/Target Support Files/Pods-RainyShinyCloudyTests/Pods-RainyShinyCloudyTests.debug.xcconfig"; sourceTree = "<group>"; };
		36AC07D522FF0DA565C7752C /* Pods_RainyShinyCloudyTests.framework */ = {isa = PBXFileReference; explicitFileType = wrapper.framework; includeInIndex = 0; path = Pods_RainyShinyCloudyTests.framework; sourceTree = BUILT_PRODUCTS_DIR; };
		421AA51E8E3CB0FF9ED34E04 /* Pods_RainyShinyCloudyUITests.framework */ = {isa = PBXFileReference; explicitFileType = wrapper.framework; includeInIndex = 0; path = Pods_RainyShinyCloudyUITests.framework; sourceTree = BUILT_PRODUCTS_DIR; };
		8259591D68A91DD15B388166 /* Pods-RainyShinyCloudyTests.release.xcconfig */ = {isa = PBXFileReference; includeInIndex = 1; lastKnownFileType = text.xcconfig; name = "Pods-RainyShinyCloudyTests.release.xcconfig"; path = "Pods/Target Support Files/Pods-RainyShinyCloudyTests/Pods-RainyShinyCloudyTests.release.xcconfig"; sourceTree = "<group>"; };
		839DD9C831B57E08BB156E83 /* Pods-RainyShinyCloudy.debug.xcconfig */ = {isa = PBXFileReference; includeInIndex = 1; lastKnownFileType = text.xcconfig; name = "Pods-RainyShinyCloudy.debug.xcconfig"; path = "Pods/Target Support Files/Pods-RainyShinyCloudy/Pods-RainyShinyCloudy.debug.xcconfig"; sourceTree = "<group>"; };
		D128135AE83B65B833DD9C6D /* Pods-RainyShinyCloudyUITests.debug.xcconfig */ = {isa = PBXFileReference; includeInIndex = 1; lastKnownFileType = text.xcconfig; name = "Pods-RainyShinyCloudyUITests.debug.xcconfig"; path = "Pods/Target Support Files/Pods-RainyShinyCloudyUITests/Pods-RainyShinyCloudyUITests.debug.xcconfig"; sourceTree = "<group>"; };
		FC019E1721FBC4B8C1A094BC /* Pods-RainyShinyCloudyUITests.release.xcconfig */ = {isa = PBXFileReference; includeInIndex = 1; lastKnownFileType = text.xcconfig; name = "Pods-RainyShinyCloudyUITests.release.xcconfig"; path = "Pods/Target Support Files/Pods-RainyShinyCloudyUITests/Pods-RainyShinyCloudyUITests.release.xcconfig"; sourceTree = "<group>"; };
		FD12944EFBB4F911C7CB6424 /* Pods-RainyShinyCloudy.release.xcconfig */ = {isa = PBXFileReference; includeInIndex = 1; lastKnownFileType = text.xcconfig; name = "Pods-RainyShinyCloudy.release.xcconfig"; path = "Pods/Target Support Files/Pods-RainyShinyCloudy/Pods-RainyShinyCloudy.release.xcconfig"; sourceTree = "<group>"; };
/* End PBXFileReference section */

/* Begin PBXFrameworksBuildPhase section */
		00E5C5291EB9493500BEEC73 /* Frameworks */ = {
			isa = PBXFrameworksBuildPhase;
			buildActionMask = 2147483647;
			files = (
				34A741DFFE0C39694E105901 /* Pods_RainyShinyCloudy.framework in Frameworks */,
			);
			runOnlyForDeploymentPostprocessing = 0;
		};
		00E5C53D1EB9493500BEEC73 /* Frameworks */ = {
			isa = PBXFrameworksBuildPhase;
			buildActionMask = 2147483647;
			files = (
				D51D2C92E9F2946BDF02B16D /* Pods_RainyShinyCloudyTests.framework in Frameworks */,
			);
			runOnlyForDeploymentPostprocessing = 0;
		};
		00E5C5481EB9493500BEEC73 /* Frameworks */ = {
			isa = PBXFrameworksBuildPhase;
			buildActionMask = 2147483647;
			files = (
				D12ADCFCB6D5D8F47A6DA4B5 /* Pods_RainyShinyCloudyUITests.framework in Frameworks */,
			);
			runOnlyForDeploymentPostprocessing = 0;
		};
/* End PBXFrameworksBuildPhase section */

/* Begin PBXGroup section */
		00E5C5231EB9493500BEEC73 = {
			isa = PBXGroup;
			children = (
				00E5C52E1EB9493500BEEC73 /* RainyShinyCloudy */,
				00E5C5431EB9493500BEEC73 /* RainyShinyCloudyTests */,
				00E5C54E1EB9493500BEEC73 /* RainyShinyCloudyUITests */,
				00E5C52D1EB9493500BEEC73 /* Products */,
				2D67E369DF923B4C3F9416C2 /* Pods */,
				1531FDBB44EDE2A31D8FA70A /* Frameworks */,
			);
			sourceTree = "<group>";
		};
		00E5C52D1EB9493500BEEC73 /* Products */ = {
			isa = PBXGroup;
			children = (
				00E5C52C1EB9493500BEEC73 /* RainyShinyCloudy.app */,
				00E5C5401EB9493500BEEC73 /* RainyShinyCloudyTests.xctest */,
				00E5C54B1EB9493500BEEC73 /* RainyShinyCloudyUITests.xctest */,
			);
			name = Products;
			sourceTree = "<group>";
		};
		00E5C52E1EB9493500BEEC73 /* RainyShinyCloudy */ = {
			isa = PBXGroup;
			children = (
				00E5C55F1EB94AB300BEEC73 /* Model */,
				00E5C55E1EB94AA800BEEC73 /* Controller */,
				00E5C55D1EB94AA200BEEC73 /* View */,
				00E5C52F1EB9493500BEEC73 /* AppDelegate.swift */,
				00E5C5331EB9493500BEEC73 /* Main.storyboard */,
				00E5C5361EB9493500BEEC73 /* Assets.xcassets */,
				00E5C5381EB9493500BEEC73 /* LaunchScreen.storyboard */,
				00E5C53B1EB9493500BEEC73 /* Info.plist */,
			);
			path = RainyShinyCloudy;
			sourceTree = "<group>";
		};
		00E5C5431EB9493500BEEC73 /* RainyShinyCloudyTests */ = {
			isa = PBXGroup;
			children = (
				00E5C5441EB9493500BEEC73 /* RainyShinyCloudyTests.swift */,
				00E5C5461EB9493500BEEC73 /* Info.plist */,
			);
			path = RainyShinyCloudyTests;
			sourceTree = "<group>";
		};
		00E5C54E1EB9493500BEEC73 /* RainyShinyCloudyUITests */ = {
			isa = PBXGroup;
			children = (
				00E5C54F1EB9493500BEEC73 /* RainyShinyCloudyUITests.swift */,
				00E5C5511EB9493500BEEC73 /* Info.plist */,
			);
			path = RainyShinyCloudyUITests;
			sourceTree = "<group>";
		};
		00E5C55D1EB94AA200BEEC73 /* View */ = {
			isa = PBXGroup;
			children = (
			);
			name = View;
			sourceTree = "<group>";
		};
		00E5C55E1EB94AA800BEEC73 /* Controller */ = {
			isa = PBXGroup;
			children = (
				00E5C5311EB9493500BEEC73 /* WeatherVC.swift */,
			);
			name = Controller;
			sourceTree = "<group>";
		};
		00E5C55F1EB94AB300BEEC73 /* Model */ = {
			isa = PBXGroup;
			children = (
				00540F851EC267F7004C356E /* Constants.swift */,
				00540F871EC26A9F004C356E /* CurrentWeather.swift */,
			);
			name = Model;
			sourceTree = "<group>";
		};
		1531FDBB44EDE2A31D8FA70A /* Frameworks */ = {
			isa = PBXGroup;
			children = (
				145454D7D87946BC907E21EC /* Pods_RainyShinyCloudy.framework */,
				36AC07D522FF0DA565C7752C /* Pods_RainyShinyCloudyTests.framework */,
				421AA51E8E3CB0FF9ED34E04 /* Pods_RainyShinyCloudyUITests.framework */,
			);
			name = Frameworks;
			sourceTree = "<group>";
		};
		2D67E369DF923B4C3F9416C2 /* Pods */ = {
			isa = PBXGroup;
			children = (
				839DD9C831B57E08BB156E83 /* Pods-RainyShinyCloudy.debug.xcconfig */,
				FD12944EFBB4F911C7CB6424 /* Pods-RainyShinyCloudy.release.xcconfig */,
				2E14269720A340F9B2CC8BCF /* Pods-RainyShinyCloudyTests.debug.xcconfig */,
				8259591D68A91DD15B388166 /* Pods-RainyShinyCloudyTests.release.xcconfig */,
				D128135AE83B65B833DD9C6D /* Pods-RainyShinyCloudyUITests.debug.xcconfig */,
				FC019E1721FBC4B8C1A094BC /* Pods-RainyShinyCloudyUITests.release.xcconfig */,
			);
			name = Pods;
			sourceTree = "<group>";
		};
/* End PBXGroup section */

/* Begin PBXNativeTarget section */
		00E5C52B1EB9493500BEEC73 /* RainyShinyCloudy */ = {
			isa = PBXNativeTarget;
			buildConfigurationList = 00E5C5541EB9493500BEEC73 /* Build configuration list for PBXNativeTarget "RainyShinyCloudy" */;
			buildPhases = (
				0601F75B046E5597FD7434BD /* [CP] Check Pods Manifest.lock */,
				00E5C5281EB9493500BEEC73 /* Sources */,
				00E5C5291EB9493500BEEC73 /* Frameworks */,
				00E5C52A1EB9493500BEEC73 /* Resources */,
				F10A0F392741410352B86BD2 /* [CP] Embed Pods Frameworks */,
				C6EE15AAA9D18B7965DBB3AC /* [CP] Copy Pods Resources */,
			);
			buildRules = (
			);
			dependencies = (
			);
			name = RainyShinyCloudy;
			productName = RainyShinyCloudy;
			productReference = 00E5C52C1EB9493500BEEC73 /* RainyShinyCloudy.app */;
			productType = "com.apple.product-type.application";
		};
		00E5C53F1EB9493500BEEC73 /* RainyShinyCloudyTests */ = {
			isa = PBXNativeTarget;
			buildConfigurationList = 00E5C5571EB9493500BEEC73 /* Build configuration list for PBXNativeTarget "RainyShinyCloudyTests" */;
			buildPhases = (
				6B9DCAF397021A09368120BA /* [CP] Check Pods Manifest.lock */,
				00E5C53C1EB9493500BEEC73 /* Sources */,
				00E5C53D1EB9493500BEEC73 /* Frameworks */,
				00E5C53E1EB9493500BEEC73 /* Resources */,
				34AFD156763B814B503E39D4 /* [CP] Embed Pods Frameworks */,
				66D1914511F3458622566983 /* [CP] Copy Pods Resources */,
			);
			buildRules = (
			);
			dependencies = (
				00E5C5421EB9493500BEEC73 /* PBXTargetDependency */,
			);
			name = RainyShinyCloudyTests;
			productName = RainyShinyCloudyTests;
			productReference = 00E5C5401EB9493500BEEC73 /* RainyShinyCloudyTests.xctest */;
			productType = "com.apple.product-type.bundle.unit-test";
		};
		00E5C54A1EB9493500BEEC73 /* RainyShinyCloudyUITests */ = {
			isa = PBXNativeTarget;
			buildConfigurationList = 00E5C55A1EB9493500BEEC73 /* Build configuration list for PBXNativeTarget "RainyShinyCloudyUITests" */;
			buildPhases = (
				27C932F37B0B5CA33E978196 /* [CP] Check Pods Manifest.lock */,
				00E5C5471EB9493500BEEC73 /* Sources */,
				00E5C5481EB9493500BEEC73 /* Frameworks */,
				00E5C5491EB9493500BEEC73 /* Resources */,
				E494654DED15399232956E3B /* [CP] Embed Pods Frameworks */,
				E401FC19C771998BB75F9A9A /* [CP] Copy Pods Resources */,
			);
			buildRules = (
			);
			dependencies = (
				00E5C54D1EB9493500BEEC73 /* PBXTargetDependency */,
			);
			name = RainyShinyCloudyUITests;
			productName = RainyShinyCloudyUITests;
			productReference = 00E5C54B1EB9493500BEEC73 /* RainyShinyCloudyUITests.xctest */;
			productType = "com.apple.product-type.bundle.ui-testing";
		};
/* End PBXNativeTarget section */

/* Begin PBXProject section */
		00E5C5241EB9493500BEEC73 /* Project object */ = {
			isa = PBXProject;
			attributes = {
				LastSwiftUpdateCheck = 0830;
				LastUpgradeCheck = 0830;
				ORGANIZATIONNAME = "Chihkao Yu";
				TargetAttributes = {
					00E5C52B1EB9493500BEEC73 = {
						CreatedOnToolsVersion = 8.3.2;
						DevelopmentTeam = 7XUE4QVEE6;
						ProvisioningStyle = Automatic;
					};
					00E5C53F1EB9493500BEEC73 = {
						CreatedOnToolsVersion = 8.3.2;
						DevelopmentTeam = 7XUE4QVEE6;
						ProvisioningStyle = Automatic;
						TestTargetID = 00E5C52B1EB9493500BEEC73;
					};
					00E5C54A1EB9493500BEEC73 = {
						CreatedOnToolsVersion = 8.3.2;
						DevelopmentTeam = 7XUE4QVEE6;
						ProvisioningStyle = Automatic;
						TestTargetID = 00E5C52B1EB9493500BEEC73;
					};
				};
			};
			buildConfigurationList = 00E5C5271EB9493500BEEC73 /* Build configuration list for PBXProject "RainyShinyCloudy" */;
			compatibilityVersion = "Xcode 3.2";
			developmentRegion = English;
			hasScannedForEncodings = 0;
			knownRegions = (
				en,
				Base,
			);
			mainGroup = 00E5C5231EB9493500BEEC73;
			productRefGroup = 00E5C52D1EB9493500BEEC73 /* Products */;
			projectDirPath = "";
			projectRoot = "";
			targets = (
				00E5C52B1EB9493500BEEC73 /* RainyShinyCloudy */,
				00E5C53F1EB9493500BEEC73 /* RainyShinyCloudyTests */,
				00E5C54A1EB9493500BEEC73 /* RainyShinyCloudyUITests */,
			);
		};
/* End PBXProject section */

/* Begin PBXResourcesBuildPhase section */
		00E5C52A1EB9493500BEEC73 /* Resources */ = {
			isa = PBXResourcesBuildPhase;
			buildActionMask = 2147483647;
			files = (
				00E5C53A1EB9493500BEEC73 /* LaunchScreen.storyboard in Resources */,
				00E5C5371EB9493500BEEC73 /* Assets.xcassets in Resources */,
				00E5C5351EB9493500BEEC73 /* Main.storyboard in Resources */,
			);
			runOnlyForDeploymentPostprocessing = 0;
		};
		00E5C53E1EB9493500BEEC73 /* Resources */ = {
			isa = PBXResourcesBuildPhase;
			buildActionMask = 2147483647;
			files = (
			);
			runOnlyForDeploymentPostprocessing = 0;
		};
		00E5C5491EB9493500BEEC73 /* Resources */ = {
			isa = PBXResourcesBuildPhase;
			buildActionMask = 2147483647;
			files = (
			);
			runOnlyForDeploymentPostprocessing = 0;
		};
/* End PBXResourcesBuildPhase section */

/* Begin PBXShellScriptBuildPhase section */
		0601F75B046E5597FD7434BD /* [CP] Check Pods Manifest.lock */ = {
			isa = PBXShellScriptBuildPhase;
			buildActionMask = 2147483647;
			files = (
			);
			inputPaths = (
			);
			name = "[CP] Check Pods Manifest.lock";
			outputPaths = (
			);
			runOnlyForDeploymentPostprocessing = 0;
			shellPath = /bin/sh;
			shellScript = "diff \"${PODS_PODFILE_DIR_PATH}/Podfile.lock\" \"${PODS_ROOT}/Manifest.lock\" > /dev/null\nif [ $? != 0 ] ; then\n    # print error to STDERR\n    echo \"error: The sandbox is not in sync with the Podfile.lock. Run 'pod install' or update your CocoaPods installation.\" >&2\n    exit 1\nfi\n";
			showEnvVarsInLog = 0;
		};
		27C932F37B0B5CA33E978196 /* [CP] Check Pods Manifest.lock */ = {
			isa = PBXShellScriptBuildPhase;
			buildActionMask = 2147483647;
			files = (
			);
			inputPaths = (
			);
			name = "[CP] Check Pods Manifest.lock";
			outputPaths = (
			);
			runOnlyForDeploymentPostprocessing = 0;
			shellPath = /bin/sh;
			shellScript = "diff \"${PODS_PODFILE_DIR_PATH}/Podfile.lock\" \"${PODS_ROOT}/Manifest.lock\" > /dev/null\nif [ $? != 0 ] ; then\n    # print error to STDERR\n    echo \"error: The sandbox is not in sync with the Podfile.lock. Run 'pod install' or update your CocoaPods installation.\" >&2\n    exit 1\nfi\n";
			showEnvVarsInLog = 0;
		};
		34AFD156763B814B503E39D4 /* [CP] Embed Pods Frameworks */ = {
			isa = PBXShellScriptBuildPhase;
			buildActionMask = 2147483647;
			files = (
			);
			inputPaths = (
			);
			name = "[CP] Embed Pods Frameworks";
			outputPaths = (
			);
			runOnlyForDeploymentPostprocessing = 0;
			shellPath = /bin/sh;
			shellScript = "\"${SRCROOT}/Pods/Target Support Files/Pods-RainyShinyCloudyTests/Pods-RainyShinyCloudyTests-frameworks.sh\"\n";
			showEnvVarsInLog = 0;
		};
		66D1914511F3458622566983 /* [CP] Copy Pods Resources */ = {
			isa = PBXShellScriptBuildPhase;
			buildActionMask = 2147483647;
			files = (
			);
			inputPaths = (
			);
			name = "[CP] Copy Pods Resources";
			outputPaths = (
			);
			runOnlyForDeploymentPostprocessing = 0;
			shellPath = /bin/sh;
			shellScript = "\"${SRCROOT}/Pods/Target Support Files/Pods-RainyShinyCloudyTests/Pods-RainyShinyCloudyTests-resources.sh\"\n";
			showEnvVarsInLog = 0;
		};
		6B9DCAF397021A09368120BA /* [CP] Check Pods Manifest.lock */ = {
			isa = PBXShellScriptBuildPhase;
			buildActionMask = 2147483647;
			files = (
			);
			inputPaths = (
			);
			name = "[CP] Check Pods Manifest.lock";
			outputPaths = (
			);
			runOnlyForDeploymentPostprocessing = 0;
			shellPath = /bin/sh;
			shellScript = "diff \"${PODS_PODFILE_DIR_PATH}/Podfile.lock\" \"${PODS_ROOT}/Manifest.lock\" > /dev/null\nif [ $? != 0 ] ; then\n    # print error to STDERR\n    echo \"error: The sandbox is not in sync with the Podfile.lock. Run 'pod install' or update your CocoaPods installation.\" >&2\n    exit 1\nfi\n";
			showEnvVarsInLog = 0;
		};
		C6EE15AAA9D18B7965DBB3AC /* [CP] Copy Pods Resources */ = {
			isa = PBXShellScriptBuildPhase;
			buildActionMask = 2147483647;
			files = (
			);
			inputPaths = (
			);
			name = "[CP] Copy Pods Resources";
			outputPaths = (
			);
			runOnlyForDeploymentPostprocessing = 0;
			shellPath = /bin/sh;
			shellScript = "\"${SRCROOT}/Pods/Target Support Files/Pods-RainyShinyCloudy/Pods-RainyShinyCloudy-resources.sh\"\n";
			showEnvVarsInLog = 0;
		};
		E401FC19C771998BB75F9A9A /* [CP] Copy Pods Resources */ = {
			isa = PBXShellScriptBuildPhase;
			buildActionMask = 2147483647;
			files = (
			);
			inputPaths = (
			);
			name = "[CP] Copy Pods Resources";
			outputPaths = (
			);
			runOnlyForDeploymentPostprocessing = 0;
			shellPath = /bin/sh;
			shellScript = "\"${SRCROOT}/Pods/Target Support Files/Pods-RainyShinyCloudyUITests/Pods-RainyShinyCloudyUITests-resources.sh\"\n";
			showEnvVarsInLog = 0;
		};
		E494654DED15399232956E3B /* [CP] Embed Pods Frameworks */ = {
			isa = PBXShellScriptBuildPhase;
			buildActionMask = 2147483647;
			files = (
			);
			inputPaths = (
			);
			name = "[CP] Embed Pods Frameworks";
			outputPaths = (
			);
			runOnlyForDeploymentPostprocessing = 0;
			shellPath = /bin/sh;
			shellScript = "\"${SRCROOT}/Pods/Target Support Files/Pods-RainyShinyCloudyUITests/Pods-RainyShinyCloudyUITests-frameworks.sh\"\n";
			showEnvVarsInLog = 0;
		};
		F10A0F392741410352B86BD2 /* [CP] Embed Pods Frameworks */ = {
			isa = PBXShellScriptBuildPhase;
			buildActionMask = 2147483647;
			files = (
			);
			inputPaths = (
			);
			name = "[CP] Embed Pods Frameworks";
			outputPaths = (
			);
			runOnlyForDeploymentPostprocessing = 0;
			shellPath = /bin/sh;
			shellScript = "\"${SRCROOT}/Pods/Target Support Files/Pods-RainyShinyCloudy/Pods-RainyShinyCloudy-frameworks.sh\"\n";
			showEnvVarsInLog = 0;
		};
/* End PBXShellScriptBuildPhase section */

/* Begin PBXSourcesBuildPhase section */
		00E5C5281EB9493500BEEC73 /* Sources */ = {
			isa = PBXSourcesBuildPhase;
			buildActionMask = 2147483647;
			files = (
				00E5C5321EB9493500BEEC73 /* WeatherVC.swift in Sources */,
				00E5C5301EB9493500BEEC73 /* AppDelegate.swift in Sources */,
				00540F881EC26A9F004C356E /* CurrentWeather.swift in Sources */,
				00540F861EC267F7004C356E /* Constants.swift in Sources */,
			);
			runOnlyForDeploymentPostprocessing = 0;
		};
		00E5C53C1EB9493500BEEC73 /* Sources */ = {
			isa = PBXSourcesBuildPhase;
			buildActionMask = 2147483647;
			files = (
				00E5C5451EB9493500BEEC73 /* RainyShinyCloudyTests.swift in Sources */,
			);
			runOnlyForDeploymentPostprocessing = 0;
		};
		00E5C5471EB9493500BEEC73 /* Sources */ = {
			isa = PBXSourcesBuildPhase;
			buildActionMask = 2147483647;
			files = (
				00E5C5501EB9493500BEEC73 /* RainyShinyCloudyUITests.swift in Sources */,
			);
			runOnlyForDeploymentPostprocessing = 0;
		};
/* End PBXSourcesBuildPhase section */

/* Begin PBXTargetDependency section */
		00E5C5421EB9493500BEEC73 /* PBXTargetDependency */ = {
			isa = PBXTargetDependency;
			target = 00E5C52B1EB9493500BEEC73 /* RainyShinyCloudy */;
			targetProxy = 00E5C5411EB9493500BEEC73 /* PBXContainerItemProxy */;
		};
		00E5C54D1EB9493500BEEC73 /* PBXTargetDependency */ = {
			isa = PBXTargetDependency;
			target = 00E5C52B1EB9493500BEEC73 /* RainyShinyCloudy */;
			targetProxy = 00E5C54C1EB9493500BEEC73 /* PBXContainerItemProxy */;
		};
/* End PBXTargetDependency section */

/* Begin PBXVariantGroup section */
		00E5C5331EB9493500BEEC73 /* Main.storyboard */ = {
			isa = PBXVariantGroup;
			children = (
				00E5C5341EB9493500BEEC73 /* Base */,
			);
			name = Main.storyboard;
			sourceTree = "<group>";
		};
		00E5C5381EB9493500BEEC73 /* LaunchScreen.storyboard */ = {
			isa = PBXVariantGroup;
			children = (
				00E5C5391EB9493500BEEC73 /* Base */,
			);
			name = LaunchScreen.storyboard;
			sourceTree = "<group>";
		};
/* End PBXVariantGroup section */

/* Begin XCBuildConfiguration section */
		00E5C5521EB9493500BEEC73 /* Debug */ = {
			isa = XCBuildConfiguration;
			buildSettings = {
				ALWAYS_SEARCH_USER_PATHS = NO;
				CLANG_ANALYZER_NONNULL = YES;
				CLANG_ANALYZER_NUMBER_OBJECT_CONVERSION = YES_AGGRESSIVE;
				CLANG_CXX_LANGUAGE_STANDARD = "gnu++0x";
				CLANG_CXX_LIBRARY = "libc++";
				CLANG_ENABLE_MODULES = YES;
				CLANG_ENABLE_OBJC_ARC = YES;
				CLANG_WARN_BOOL_CONVERSION = YES;
				CLANG_WARN_CONSTANT_CONVERSION = YES;
				CLANG_WARN_DIRECT_OBJC_ISA_USAGE = YES_ERROR;
				CLANG_WARN_DOCUMENTATION_COMMENTS = YES;
				CLANG_WARN_EMPTY_BODY = YES;
				CLANG_WARN_ENUM_CONVERSION = YES;
				CLANG_WARN_INFINITE_RECURSION = YES;
				CLANG_WARN_INT_CONVERSION = YES;
				CLANG_WARN_OBJC_ROOT_CLASS = YES_ERROR;
				CLANG_WARN_SUSPICIOUS_MOVE = YES;
				CLANG_WARN_UNREACHABLE_CODE = YES;
				CLANG_WARN__DUPLICATE_METHOD_MATCH = YES;
				"CODE_SIGN_IDENTITY[sdk=iphoneos*]" = "iPhone Developer";
				COPY_PHASE_STRIP = NO;
				DEBUG_INFORMATION_FORMAT = dwarf;
				ENABLE_STRICT_OBJC_MSGSEND = YES;
				ENABLE_TESTABILITY = YES;
				GCC_C_LANGUAGE_STANDARD = gnu99;
				GCC_DYNAMIC_NO_PIC = NO;
				GCC_NO_COMMON_BLOCKS = YES;
				GCC_OPTIMIZATION_LEVEL = 0;
				GCC_PREPROCESSOR_DEFINITIONS = (
					"DEBUG=1",
					"$(inherited)",
				);
				GCC_WARN_64_TO_32_BIT_CONVERSION = YES;
				GCC_WARN_ABOUT_RETURN_TYPE = YES_ERROR;
				GCC_WARN_UNDECLARED_SELECTOR = YES;
				GCC_WARN_UNINITIALIZED_AUTOS = YES_AGGRESSIVE;
				GCC_WARN_UNUSED_FUNCTION = YES;
				GCC_WARN_UNUSED_VARIABLE = YES;
				IPHONEOS_DEPLOYMENT_TARGET = 10.3;
				MTL_ENABLE_DEBUG_INFO = YES;
				ONLY_ACTIVE_ARCH = YES;
				SDKROOT = iphoneos;
				SWIFT_ACTIVE_COMPILATION_CONDITIONS = DEBUG;
				SWIFT_OPTIMIZATION_LEVEL = "-Onone";
				TARGETED_DEVICE_FAMILY = "1,2";
			};
			name = Debug;
		};
		00E5C5531EB9493500BEEC73 /* Release */ = {
			isa = XCBuildConfiguration;
			buildSettings = {
				ALWAYS_SEARCH_USER_PATHS = NO;
				CLANG_ANALYZER_NONNULL = YES;
				CLANG_ANALYZER_NUMBER_OBJECT_CONVERSION = YES_AGGRESSIVE;
				CLANG_CXX_LANGUAGE_STANDARD = "gnu++0x";
				CLANG_CXX_LIBRARY = "libc++";
				CLANG_ENABLE_MODULES = YES;
				CLANG_ENABLE_OBJC_ARC = YES;
				CLANG_WARN_BOOL_CONVERSION = YES;
				CLANG_WARN_CONSTANT_CONVERSION = YES;
				CLANG_WARN_DIRECT_OBJC_ISA_USAGE = YES_ERROR;
				CLANG_WARN_DOCUMENTATION_COMMENTS = YES;
				CLANG_WARN_EMPTY_BODY = YES;
				CLANG_WARN_ENUM_CONVERSION = YES;
				CLANG_WARN_INFINITE_RECURSION = YES;
				CLANG_WARN_INT_CONVERSION = YES;
				CLANG_WARN_OBJC_ROOT_CLASS = YES_ERROR;
				CLANG_WARN_SUSPICIOUS_MOVE = YES;
				CLANG_WARN_UNREACHABLE_CODE = YES;
				CLANG_WARN__DUPLICATE_METHOD_MATCH = YES;
				"CODE_SIGN_IDENTITY[sdk=iphoneos*]" = "iPhone Developer";
				COPY_PHASE_STRIP = NO;
				DEBUG_INFORMATION_FORMAT = "dwarf-with-dsym";
				ENABLE_NS_ASSERTIONS = NO;
				ENABLE_STRICT_OBJC_MSGSEND = YES;
				GCC_C_LANGUAGE_STANDARD = gnu99;
				GCC_NO_COMMON_BLOCKS = YES;
				GCC_WARN_64_TO_32_BIT_CONVERSION = YES;
				GCC_WARN_ABOUT_RETURN_TYPE = YES_ERROR;
				GCC_WARN_UNDECLARED_SELECTOR = YES;
				GCC_WARN_UNINITIALIZED_AUTOS = YES_AGGRESSIVE;
				GCC_WARN_UNUSED_FUNCTION = YES;
				GCC_WARN_UNUSED_VARIABLE = YES;
				IPHONEOS_DEPLOYMENT_TARGET = 10.3;
				MTL_ENABLE_DEBUG_INFO = NO;
				SDKROOT = iphoneos;
				SWIFT_OPTIMIZATION_LEVEL = "-Owholemodule";
				TARGETED_DEVICE_FAMILY = "1,2";
				VALIDATE_PRODUCT = YES;
			};
			name = Release;
		};
		00E5C5551EB9493500BEEC73 /* Debug */ = {
			isa = XCBuildConfiguration;
			baseConfigurationReference = 839DD9C831B57E08BB156E83 /* Pods-RainyShinyCloudy.debug.xcconfig */;
			buildSettings = {
				ASSETCATALOG_COMPILER_APPICON_NAME = AppIcon;
				DEVELOPMENT_TEAM = 7XUE4QVEE6;
				INFOPLIST_FILE = RainyShinyCloudy/Info.plist;
				LD_RUNPATH_SEARCH_PATHS = "$(inherited) @executable_path/Frameworks";
				PRODUCT_BUNDLE_IDENTIFIER = com.ckfamily.RainyShinyCloudy;
				PRODUCT_NAME = "$(TARGET_NAME)";
				SWIFT_VERSION = 3.0;
			};
			name = Debug;
		};
		00E5C5561EB9493500BEEC73 /* Release */ = {
			isa = XCBuildConfiguration;
			baseConfigurationReference = FD12944EFBB4F911C7CB6424 /* Pods-RainyShinyCloudy.release.xcconfig */;
			buildSettings = {
				ASSETCATALOG_COMPILER_APPICON_NAME = AppIcon;
				DEVELOPMENT_TEAM = 7XUE4QVEE6;
				INFOPLIST_FILE = RainyShinyCloudy/Info.plist;
				LD_RUNPATH_SEARCH_PATHS = "$(inherited) @executable_path/Frameworks";
				PRODUCT_BUNDLE_IDENTIFIER = com.ckfamily.RainyShinyCloudy;
				PRODUCT_NAME = "$(TARGET_NAME)";
				SWIFT_VERSION = 3.0;
			};
			name = Release;
		};
		00E5C5581EB9493500BEEC73 /* Debug */ = {
			isa = XCBuildConfiguration;
			baseConfigurationReference = 2E14269720A340F9B2CC8BCF /* Pods-RainyShinyCloudyTests.debug.xcconfig */;
			buildSettings = {
				ALWAYS_EMBED_SWIFT_STANDARD_LIBRARIES = YES;
				BUNDLE_LOADER = "$(TEST_HOST)";
				DEVELOPMENT_TEAM = 7XUE4QVEE6;
				INFOPLIST_FILE = RainyShinyCloudyTests/Info.plist;
				LD_RUNPATH_SEARCH_PATHS = "$(inherited) @executable_path/Frameworks @loader_path/Frameworks";
				PRODUCT_BUNDLE_IDENTIFIER = com.ckfamily.RainyShinyCloudyTests;
				PRODUCT_NAME = "$(TARGET_NAME)";
				SWIFT_VERSION = 3.0;
				TEST_HOST = "$(BUILT_PRODUCTS_DIR)/RainyShinyCloudy.app/RainyShinyCloudy";
			};
			name = Debug;
		};
		00E5C5591EB9493500BEEC73 /* Release */ = {
			isa = XCBuildConfiguration;
			baseConfigurationReference = 8259591D68A91DD15B388166 /* Pods-RainyShinyCloudyTests.release.xcconfig */;
			buildSettings = {
				ALWAYS_EMBED_SWIFT_STANDARD_LIBRARIES = YES;
				BUNDLE_LOADER = "$(TEST_HOST)";
				DEVELOPMENT_TEAM = 7XUE4QVEE6;
				INFOPLIST_FILE = RainyShinyCloudyTests/Info.plist;
				LD_RUNPATH_SEARCH_PATHS = "$(inherited) @executable_path/Frameworks @loader_path/Frameworks";
				PRODUCT_BUNDLE_IDENTIFIER = com.ckfamily.RainyShinyCloudyTests;
				PRODUCT_NAME = "$(TARGET_NAME)";
				SWIFT_VERSION = 3.0;
				TEST_HOST = "$(BUILT_PRODUCTS_DIR)/RainyShinyCloudy.app/RainyShinyCloudy";
			};
			name = Release;
		};
		00E5C55B1EB9493500BEEC73 /* Debug */ = {
			isa = XCBuildConfiguration;
			baseConfigurationReference = D128135AE83B65B833DD9C6D /* Pods-RainyShinyCloudyUITests.debug.xcconfig */;
			buildSettings = {
				ALWAYS_EMBED_SWIFT_STANDARD_LIBRARIES = YES;
				DEVELOPMENT_TEAM = 7XUE4QVEE6;
				INFOPLIST_FILE = RainyShinyCloudyUITests/Info.plist;
				LD_RUNPATH_SEARCH_PATHS = "$(inherited) @executable_path/Frameworks @loader_path/Frameworks";
				PRODUCT_BUNDLE_IDENTIFIER = com.ckfamily.RainyShinyCloudyUITests;
				PRODUCT_NAME = "$(TARGET_NAME)";
				SWIFT_VERSION = 3.0;
				TEST_TARGET_NAME = RainyShinyCloudy;
			};
			name = Debug;
		};
		00E5C55C1EB9493500BEEC73 /* Release */ = {
			isa = XCBuildConfiguration;
			baseConfigurationReference = FC019E1721FBC4B8C1A094BC /* Pods-RainyShinyCloudyUITests.release.xcconfig */;
			buildSettings = {
				ALWAYS_EMBED_SWIFT_STANDARD_LIBRARIES = YES;
				DEVELOPMENT_TEAM = 7XUE4QVEE6;
				INFOPLIST_FILE = RainyShinyCloudyUITests/Info.plist;
				LD_RUNPATH_SEARCH_PATHS = "$(inherited) @executable_path/Frameworks @loader_path/Frameworks";
				PRODUCT_BUNDLE_IDENTIFIER = com.ckfamily.RainyShinyCloudyUITests;
				PRODUCT_NAME = "$(TARGET_NAME)";
				SWIFT_VERSION = 3.0;
				TEST_TARGET_NAME = RainyShinyCloudy;
			};
			name = Release;
		};
/* End XCBuildConfiguration section */

/* Begin XCConfigurationList section */
		00E5C5271EB9493500BEEC73 /* Build configuration list for PBXProject "RainyShinyCloudy" */ = {
			isa = XCConfigurationList;
			buildConfigurations = (
				00E5C5521EB9493500BEEC73 /* Debug */,
				00E5C5531EB9493500BEEC73 /* Release */,
			);
			defaultConfigurationIsVisible = 0;
			defaultConfigurationName = Release;
		};
		00E5C5541EB9493500BEEC73 /* Build configuration list for PBXNativeTarget "RainyShinyCloudy" */ = {
			isa = XCConfigurationList;
			buildConfigurations = (
				00E5C5551EB9493500BEEC73 /* Debug */,
				00E5C5561EB9493500BEEC73 /* Release */,
			);
			defaultConfigurationIsVisible = 0;
			defaultConfigurationName = Release;
		};
		00E5C5571EB9493500BEEC73 /* Build configuration list for PBXNativeTarget "RainyShinyCloudyTests" */ = {
			isa = XCConfigurationList;
			buildConfigurations = (
				00E5C5581EB9493500BEEC73 /* Debug */,
				00E5C5591EB9493500BEEC73 /* Release */,
			);
			defaultConfigurationIsVisible = 0;
			defaultConfigurationName = Release;
		};
		00E5C55A1EB9493500BEEC73 /* Build configuration list for PBXNativeTarget "RainyShinyCloudyUITests" */ = {
			isa = XCConfigurationList;
			buildConfigurations = (
				00E5C55B1EB9493500BEEC73 /* Debug */,
				00E5C55C1EB9493500BEEC73 /* Release */,
			);
			defaultConfigurationIsVisible = 0;
			defaultConfigurationName = Release;
		};
/* End XCConfigurationList section */
	};
	rootObject = 00E5C5241EB9493500BEEC73 /* Project object */;
}
